// !$*UTF8*$!
{
	archiveVersion = 1;
	classes = {
	};
	objectVersion = 56;
	objects = {

/* Begin PBXBuildFile section */
		D00BF6162AC9F85C00B7C307 /* HassFramework.docc in Sources */ = {isa = PBXBuildFile; fileRef = D00BF6152AC9F85C00B7C307 /* HassFramework.docc */; };
		D00BF6172AC9F85C00B7C307 /* HassFramework.h in Headers */ = {isa = PBXBuildFile; fileRef = D00BF6142AC9F85C00B7C307 /* HassFramework.h */; settings = {ATTRIBUTES = (Public, ); }; };
		D00BF6252ACA023400B7C307 /* HassWebSocket.swift in Sources */ = {isa = PBXBuildFile; fileRef = D00BF6242ACA023400B7C307 /* HassWebSocket.swift */; };
		D03142C52B4225300045E387 /* HassRestClient.swift in Sources */ = {isa = PBXBuildFile; fileRef = D03142C42B4225300045E387 /* HassRestClient.swift */; };
		D033BAEA2ACC575C00FAFC4C /* .gitignore in Resources */ = {isa = PBXBuildFile; fileRef = D033BAE92ACC575C00FAFC4C /* .gitignore */; };
		D033BAEC2ACC57D600FAFC4C /* Secrets.plist in Resources */ = {isa = PBXBuildFile; fileRef = D033BAEB2ACC57D600FAFC4C /* Secrets.plist */; };
		D05FCF6F2ADC30A2000AF815 /* HassProtocols.swift in Sources */ = {isa = PBXBuildFile; fileRef = D05FCF6E2ADC30A2000AF815 /* HassProtocols.swift */; };
		D05FCF712ADC312B000AF815 /* HassModels.swift in Sources */ = {isa = PBXBuildFile; fileRef = D05FCF702ADC312B000AF815 /* HassModels.swift */; };
		D05FCF732ADC31A5000AF815 /* HassMessageTypes.swift in Sources */ = {isa = PBXBuildFile; fileRef = D05FCF722ADC31A5000AF815 /* HassMessageTypes.swift */; };
		D0640BEC2AEF29F300809829 /* Starscream in Frameworks */ = {isa = PBXBuildFile; productRef = D0640BEB2AEF29F300809829 /* Starscream */; };
		D0E5D6C62AD5913D007038A7 /* WebSocketManager.swift in Sources */ = {isa = PBXBuildFile; fileRef = D0E5D6C52AD5913D007038A7 /* WebSocketManager.swift */; };
		D0E5D6C82AD5A875007038A7 /* HassEnums.swift in Sources */ = {isa = PBXBuildFile; fileRef = D0E5D6C72AD5A875007038A7 /* HassEnums.swift */; };
/* End PBXBuildFile section */

/* Begin PBXFileReference section */
		D00BF6112AC9F85C00B7C307 /* HassFramework.framework */ = {isa = PBXFileReference; explicitFileType = wrapper.framework; includeInIndex = 0; path = HassFramework.framework; sourceTree = BUILT_PRODUCTS_DIR; };
		D00BF6142AC9F85C00B7C307 /* HassFramework.h */ = {isa = PBXFileReference; lastKnownFileType = sourcecode.c.h; path = HassFramework.h; sourceTree = "<group>"; };
		D00BF6152AC9F85C00B7C307 /* HassFramework.docc */ = {isa = PBXFileReference; lastKnownFileType = folder.documentationcatalog; path = HassFramework.docc; sourceTree = "<group>"; };
		D00BF6242ACA023400B7C307 /* HassWebSocket.swift */ = {isa = PBXFileReference; fileEncoding = 4; lastKnownFileType = sourcecode.swift; path = HassWebSocket.swift; sourceTree = "<group>"; };
		D03142C42B4225300045E387 /* HassRestClient.swift */ = {isa = PBXFileReference; lastKnownFileType = sourcecode.swift; path = HassRestClient.swift; sourceTree = "<group>"; };
		D033BAE92ACC575C00FAFC4C /* .gitignore */ = {isa = PBXFileReference; lastKnownFileType = text; path = .gitignore; sourceTree = "<group>"; };
		D033BAEB2ACC57D600FAFC4C /* Secrets.plist */ = {isa = PBXFileReference; lastKnownFileType = text.plist.xml; path = Secrets.plist; sourceTree = "<group>"; };
		D05FCF6E2ADC30A2000AF815 /* HassProtocols.swift */ = {isa = PBXFileReference; lastKnownFileType = sourcecode.swift; path = HassProtocols.swift; sourceTree = "<group>"; };
		D05FCF702ADC312B000AF815 /* HassModels.swift */ = {isa = PBXFileReference; lastKnownFileType = sourcecode.swift; path = HassModels.swift; sourceTree = "<group>"; };
		D05FCF722ADC31A5000AF815 /* HassMessageTypes.swift */ = {isa = PBXFileReference; lastKnownFileType = sourcecode.swift; path = HassMessageTypes.swift; sourceTree = "<group>"; };
		D0E5D6C52AD5913D007038A7 /* WebSocketManager.swift */ = {isa = PBXFileReference; lastKnownFileType = sourcecode.swift; path = WebSocketManager.swift; sourceTree = "<group>"; };
		D0E5D6C72AD5A875007038A7 /* HassEnums.swift */ = {isa = PBXFileReference; lastKnownFileType = sourcecode.swift; path = HassEnums.swift; sourceTree = "<group>"; };
/* End PBXFileReference section */

/* Begin PBXFrameworksBuildPhase section */
		D00BF60E2AC9F85C00B7C307 /* Frameworks */ = {
			isa = PBXFrameworksBuildPhase;
			buildActionMask = 2147483647;
			files = (
				D0640BEC2AEF29F300809829 /* Starscream in Frameworks */,
			);
			runOnlyForDeploymentPostprocessing = 0;
		};
/* End PBXFrameworksBuildPhase section */

/* Begin PBXGroup section */
		D00BF6072AC9F85C00B7C307 = {
			isa = PBXGroup;
			children = (
				D03142C42B4225300045E387 /* HassRestClient.swift */,
				D00BF6242ACA023400B7C307 /* HassWebSocket.swift */,
				D0E5D6C52AD5913D007038A7 /* WebSocketManager.swift */,
				D05FCF702ADC312B000AF815 /* HassModels.swift */,
				D05FCF6E2ADC30A2000AF815 /* HassProtocols.swift */,
				D05FCF722ADC31A5000AF815 /* HassMessageTypes.swift */,
				D0E5D6C72AD5A875007038A7 /* HassEnums.swift */,
				D033BAEB2ACC57D600FAFC4C /* Secrets.plist */,
				D033BAE92ACC575C00FAFC4C /* .gitignore */,
				D00BF6132AC9F85C00B7C307 /* HassFramework */,
				D00BF6122AC9F85C00B7C307 /* Products */,
			);
			sourceTree = "<group>";
		};
		D00BF6122AC9F85C00B7C307 /* Products */ = {
			isa = PBXGroup;
			children = (
				D00BF6112AC9F85C00B7C307 /* HassFramework.framework */,
			);
			name = Products;
			sourceTree = "<group>";
		};
		D00BF6132AC9F85C00B7C307 /* HassFramework */ = {
			isa = PBXGroup;
			children = (
				D00BF6142AC9F85C00B7C307 /* HassFramework.h */,
				D00BF6152AC9F85C00B7C307 /* HassFramework.docc */,
			);
			path = HassFramework;
			sourceTree = "<group>";
		};
/* End PBXGroup section */

/* Begin PBXHeadersBuildPhase section */
		D00BF60C2AC9F85C00B7C307 /* Headers */ = {
			isa = PBXHeadersBuildPhase;
			buildActionMask = 2147483647;
			files = (
				D00BF6172AC9F85C00B7C307 /* HassFramework.h in Headers */,
			);
			runOnlyForDeploymentPostprocessing = 0;
		};
/* End PBXHeadersBuildPhase section */

/* Begin PBXNativeTarget section */
		D00BF6102AC9F85C00B7C307 /* HassFramework */ = {
			isa = PBXNativeTarget;
			buildConfigurationList = D00BF61A2AC9F85C00B7C307 /* Build configuration list for PBXNativeTarget "HassFramework" */;
			buildPhases = (
				D00BF60C2AC9F85C00B7C307 /* Headers */,
				D00BF60D2AC9F85C00B7C307 /* Sources */,
				D00BF60E2AC9F85C00B7C307 /* Frameworks */,
				D00BF60F2AC9F85C00B7C307 /* Resources */,
			);
			buildRules = (
			);
			dependencies = (
			);
			name = HassFramework;
			packageProductDependencies = (
				D0640BEB2AEF29F300809829 /* Starscream */,
			);
			productName = HassFramework;
			productReference = D00BF6112AC9F85C00B7C307 /* HassFramework.framework */;
			productType = "com.apple.product-type.framework";
		};
/* End PBXNativeTarget section */

/* Begin PBXProject section */
		D00BF6082AC9F85C00B7C307 /* Project object */ = {
			isa = PBXProject;
			attributes = {
				BuildIndependentTargetsInParallel = 1;
				LastUpgradeCheck = 1500;
				TargetAttributes = {
					D00BF6102AC9F85C00B7C307 = {
						CreatedOnToolsVersion = 15.0;
					};
				};
			};
			buildConfigurationList = D00BF60B2AC9F85C00B7C307 /* Build configuration list for PBXProject "HassFramework" */;
			compatibilityVersion = "Xcode 14.0";
			developmentRegion = en;
			hasScannedForEncodings = 0;
			knownRegions = (
				en,
				Base,
			);
			mainGroup = D00BF6072AC9F85C00B7C307;
			packageReferences = (
				D00BF6212ACA020E00B7C307 /* XCRemoteSwiftPackageReference "Starscream" */,
			);
			productRefGroup = D00BF6122AC9F85C00B7C307 /* Products */;
			projectDirPath = "";
			projectRoot = "";
			targets = (
				D00BF6102AC9F85C00B7C307 /* HassFramework */,
			);
		};
/* End PBXProject section */

/* Begin PBXResourcesBuildPhase section */
		D00BF60F2AC9F85C00B7C307 /* Resources */ = {
			isa = PBXResourcesBuildPhase;
			buildActionMask = 2147483647;
			files = (
				D033BAEC2ACC57D600FAFC4C /* Secrets.plist in Resources */,
				D033BAEA2ACC575C00FAFC4C /* .gitignore in Resources */,
			);
			runOnlyForDeploymentPostprocessing = 0;
		};
/* End PBXResourcesBuildPhase section */

/* Begin PBXSourcesBuildPhase section */
		D00BF60D2AC9F85C00B7C307 /* Sources */ = {
			isa = PBXSourcesBuildPhase;
			buildActionMask = 2147483647;
			files = (
				D00BF6162AC9F85C00B7C307 /* HassFramework.docc in Sources */,
				D0E5D6C82AD5A875007038A7 /* HassEnums.swift in Sources */,
				D05FCF712ADC312B000AF815 /* HassModels.swift in Sources */,
				D03142C52B4225300045E387 /* HassRestClient.swift in Sources */,
				D00BF6252ACA023400B7C307 /* HassWebSocket.swift in Sources */,
				D05FCF732ADC31A5000AF815 /* HassMessageTypes.swift in Sources */,
				D0E5D6C62AD5913D007038A7 /* WebSocketManager.swift in Sources */,
				D05FCF6F2ADC30A2000AF815 /* HassProtocols.swift in Sources */,
			);
			runOnlyForDeploymentPostprocessing = 0;
		};
/* End PBXSourcesBuildPhase section */

/* Begin XCBuildConfiguration section */
		D00BF6182AC9F85C00B7C307 /* Debug */ = {
			isa = XCBuildConfiguration;
			buildSettings = {
				ALWAYS_SEARCH_USER_PATHS = NO;
				ASSETCATALOG_COMPILER_GENERATE_SWIFT_ASSET_SYMBOL_EXTENSIONS = YES;
				BUILD_LIBRARY_FOR_DISTRIBUTION = NO;
				CLANG_ANALYZER_NONNULL = YES;
				CLANG_ANALYZER_NUMBER_OBJECT_CONVERSION = YES_AGGRESSIVE;
				CLANG_CXX_LANGUAGE_STANDARD = "gnu++20";
				CLANG_ENABLE_MODULES = YES;
				CLANG_ENABLE_OBJC_ARC = YES;
				CLANG_ENABLE_OBJC_WEAK = YES;
				CLANG_WARN_BLOCK_CAPTURE_AUTORELEASING = YES;
				CLANG_WARN_BOOL_CONVERSION = YES;
				CLANG_WARN_COMMA = YES;
				CLANG_WARN_CONSTANT_CONVERSION = YES;
				CLANG_WARN_DEPRECATED_OBJC_IMPLEMENTATIONS = YES;
				CLANG_WARN_DIRECT_OBJC_ISA_USAGE = YES_ERROR;
				CLANG_WARN_DOCUMENTATION_COMMENTS = YES;
				CLANG_WARN_EMPTY_BODY = YES;
				CLANG_WARN_ENUM_CONVERSION = YES;
				CLANG_WARN_INFINITE_RECURSION = YES;
				CLANG_WARN_INT_CONVERSION = YES;
				CLANG_WARN_NON_LITERAL_NULL_CONVERSION = YES;
				CLANG_WARN_OBJC_IMPLICIT_RETAIN_SELF = YES;
				CLANG_WARN_OBJC_LITERAL_CONVERSION = YES;
				CLANG_WARN_OBJC_ROOT_CLASS = YES_ERROR;
				CLANG_WARN_QUOTED_INCLUDE_IN_FRAMEWORK_HEADER = YES;
				CLANG_WARN_RANGE_LOOP_ANALYSIS = YES;
				CLANG_WARN_STRICT_PROTOTYPES = YES;
				CLANG_WARN_SUSPICIOUS_MOVE = YES;
				CLANG_WARN_UNGUARDED_AVAILABILITY = YES_AGGRESSIVE;
				CLANG_WARN_UNREACHABLE_CODE = YES;
				CLANG_WARN__DUPLICATE_METHOD_MATCH = YES;
				COPY_PHASE_STRIP = NO;
				CURRENT_PROJECT_VERSION = 1;
				DEBUG_INFORMATION_FORMAT = dwarf;
				ENABLE_STRICT_OBJC_MSGSEND = YES;
				ENABLE_TESTABILITY = YES;
				ENABLE_USER_SCRIPT_SANDBOXING = YES;
				GCC_C_LANGUAGE_STANDARD = gnu17;
				GCC_DYNAMIC_NO_PIC = NO;
				GCC_NO_COMMON_BLOCKS = YES;
				GCC_OPTIMIZATION_LEVEL = 0;
				GCC_PREPROCESSOR_DEFINITIONS = (
					"DEBUG=1",
					"$(inherited)",
				);
				GCC_WARN_64_TO_32_BIT_CONVERSION = YES;
				GCC_WARN_ABOUT_RETURN_TYPE = YES_ERROR;
				GCC_WARN_UNDECLARED_SELECTOR = YES;
				GCC_WARN_UNINITIALIZED_AUTOS = YES_AGGRESSIVE;
				GCC_WARN_UNUSED_FUNCTION = YES;
				GCC_WARN_UNUSED_VARIABLE = YES;
				IPHONEOS_DEPLOYMENT_TARGET = 17.0;
				LOCALIZATION_PREFERS_STRING_CATALOGS = YES;
				MACH_O_TYPE = staticlib;
				MTL_ENABLE_DEBUG_INFO = INCLUDE_SOURCE;
				MTL_FAST_MATH = YES;
				ONLY_ACTIVE_ARCH = YES;
				SDKROOT = iphoneos;
				SWIFT_ACTIVE_COMPILATION_CONDITIONS = "DEBUG $(inherited)";
				SWIFT_OPTIMIZATION_LEVEL = "-Onone";
				VERSIONING_SYSTEM = "apple-generic";
				VERSION_INFO_PREFIX = "";
			};
			name = Debug;
		};
		D00BF6192AC9F85C00B7C307 /* Release */ = {
			isa = XCBuildConfiguration;
			buildSettings = {
				ALWAYS_SEARCH_USER_PATHS = NO;
				ASSETCATALOG_COMPILER_GENERATE_SWIFT_ASSET_SYMBOL_EXTENSIONS = YES;
				BUILD_LIBRARY_FOR_DISTRIBUTION = NO;
				CLANG_ANALYZER_NONNULL = YES;
				CLANG_ANALYZER_NUMBER_OBJECT_CONVERSION = YES_AGGRESSIVE;
				CLANG_CXX_LANGUAGE_STANDARD = "gnu++20";
				CLANG_ENABLE_MODULES = YES;
				CLANG_ENABLE_OBJC_ARC = YES;
				CLANG_ENABLE_OBJC_WEAK = YES;
				CLANG_WARN_BLOCK_CAPTURE_AUTORELEASING = YES;
				CLANG_WARN_BOOL_CONVERSION = YES;
				CLANG_WARN_COMMA = YES;
				CLANG_WARN_CONSTANT_CONVERSION = YES;
				CLANG_WARN_DEPRECATED_OBJC_IMPLEMENTATIONS = YES;
				CLANG_WARN_DIRECT_OBJC_ISA_USAGE = YES_ERROR;
				CLANG_WARN_DOCUMENTATION_COMMENTS = YES;
				CLANG_WARN_EMPTY_BODY = YES;
				CLANG_WARN_ENUM_CONVERSION = YES;
				CLANG_WARN_INFINITE_RECURSION = YES;
				CLANG_WARN_INT_CONVERSION = YES;
				CLANG_WARN_NON_LITERAL_NULL_CONVERSION = YES;
				CLANG_WARN_OBJC_IMPLICIT_RETAIN_SELF = YES;
				CLANG_WARN_OBJC_LITERAL_CONVERSION = YES;
				CLANG_WARN_OBJC_ROOT_CLASS = YES_ERROR;
				CLANG_WARN_QUOTED_INCLUDE_IN_FRAMEWORK_HEADER = YES;
				CLANG_WARN_RANGE_LOOP_ANALYSIS = YES;
				CLANG_WARN_STRICT_PROTOTYPES = YES;
				CLANG_WARN_SUSPICIOUS_MOVE = YES;
				CLANG_WARN_UNGUARDED_AVAILABILITY = YES_AGGRESSIVE;
				CLANG_WARN_UNREACHABLE_CODE = YES;
				CLANG_WARN__DUPLICATE_METHOD_MATCH = YES;
				COPY_PHASE_STRIP = NO;
				CURRENT_PROJECT_VERSION = 1;
				DEBUG_INFORMATION_FORMAT = "dwarf-with-dsym";
				ENABLE_NS_ASSERTIONS = NO;
				ENABLE_STRICT_OBJC_MSGSEND = YES;
				ENABLE_USER_SCRIPT_SANDBOXING = YES;
				GCC_C_LANGUAGE_STANDARD = gnu17;
				GCC_NO_COMMON_BLOCKS = YES;
				GCC_WARN_64_TO_32_BIT_CONVERSION = YES;
				GCC_WARN_ABOUT_RETURN_TYPE = YES_ERROR;
				GCC_WARN_UNDECLARED_SELECTOR = YES;
				GCC_WARN_UNINITIALIZED_AUTOS = YES_AGGRESSIVE;
				GCC_WARN_UNUSED_FUNCTION = YES;
				GCC_WARN_UNUSED_VARIABLE = YES;
				IPHONEOS_DEPLOYMENT_TARGET = 17.0;
				LOCALIZATION_PREFERS_STRING_CATALOGS = YES;
				MACH_O_TYPE = staticlib;
				MTL_ENABLE_DEBUG_INFO = NO;
				MTL_FAST_MATH = YES;
				SDKROOT = iphoneos;
				SWIFT_COMPILATION_MODE = wholemodule;
				VALIDATE_PRODUCT = YES;
				VERSIONING_SYSTEM = "apple-generic";
				VERSION_INFO_PREFIX = "";
			};
			name = Release;
		};
		D00BF61B2AC9F85C00B7C307 /* Debug */ = {
			isa = XCBuildConfiguration;
			buildSettings = {
				ALWAYS_EMBED_SWIFT_STANDARD_LIBRARIES = YES;
				BUILD_LIBRARY_FOR_DISTRIBUTION = YES;
				CODE_SIGN_STYLE = Automatic;
				CURRENT_PROJECT_VERSION = 1;
				DEFINES_MODULE = YES;
				DEVELOPMENT_TEAM = G3337N7QRS;
				DYLIB_COMPATIBILITY_VERSION = 1;
				DYLIB_CURRENT_VERSION = 1;
				DYLIB_INSTALL_NAME_BASE = "@rpath";
				EMBED_ASSET_PACKS_IN_PRODUCT_BUNDLE = NO;
				ENABLE_MODULE_VERIFIER = YES;
				GENERATE_INFOPLIST_FILE = YES;
				INFOPLIST_KEY_NSHumanReadableCopyright = "";
				INSTALL_PATH = "$(LOCAL_LIBRARY_DIR)/Frameworks";
				LD_RUNPATH_SEARCH_PATHS = (
					"$(inherited)",
					"@executable_path/Frameworks",
					"@loader_path/Frameworks",
				);
				MARKETING_VERSION = 1.0;
				MODULE_VERIFIER_SUPPORTED_LANGUAGES = "objective-c objective-c++";
				MODULE_VERIFIER_SUPPORTED_LANGUAGE_STANDARDS = "gnu17 gnu++20";
				PRODUCT_BUNDLE_IDENTIFIER = com.powskierman.HassFramework;
				PRODUCT_NAME = "$(TARGET_NAME:c99extidentifier)";
				SKIP_INSTALL = YES;
				SWIFT_EMIT_LOC_STRINGS = YES;
				SWIFT_VERSION = 5.0;
				TARGETED_DEVICE_FAMILY = "1,2";
			};
			name = Debug;
		};
		D00BF61C2AC9F85C00B7C307 /* Release */ = {
			isa = XCBuildConfiguration;
			buildSettings = {
				ALWAYS_EMBED_SWIFT_STANDARD_LIBRARIES = YES;
				BUILD_LIBRARY_FOR_DISTRIBUTION = YES;
				CODE_SIGN_STYLE = Automatic;
				CURRENT_PROJECT_VERSION = 1;
				DEFINES_MODULE = YES;
				DEVELOPMENT_TEAM = G3337N7QRS;
				DYLIB_COMPATIBILITY_VERSION = 1;
				DYLIB_CURRENT_VERSION = 1;
				DYLIB_INSTALL_NAME_BASE = "@rpath";
				EMBED_ASSET_PACKS_IN_PRODUCT_BUNDLE = NO;
				ENABLE_MODULE_VERIFIER = YES;
				GENERATE_INFOPLIST_FILE = YES;
				INFOPLIST_KEY_NSHumanReadableCopyright = "";
				INSTALL_PATH = "$(LOCAL_LIBRARY_DIR)/Frameworks";
				LD_RUNPATH_SEARCH_PATHS = (
					"$(inherited)",
					"@executable_path/Frameworks",
					"@loader_path/Frameworks",
				);
				MARKETING_VERSION = 1.0;
				MODULE_VERIFIER_SUPPORTED_LANGUAGES = "objective-c objective-c++";
				MODULE_VERIFIER_SUPPORTED_LANGUAGE_STANDARDS = "gnu17 gnu++20";
				PRODUCT_BUNDLE_IDENTIFIER = com.powskierman.HassFramework;
				PRODUCT_NAME = "$(TARGET_NAME:c99extidentifier)";
				SKIP_INSTALL = YES;
				SWIFT_EMIT_LOC_STRINGS = YES;
				SWIFT_VERSION = 5.0;
				TARGETED_DEVICE_FAMILY = "1,2";
			};
			name = Release;
		};
/* End XCBuildConfiguration section */

/* Begin XCConfigurationList section */
		D00BF60B2AC9F85C00B7C307 /* Build configuration list for PBXProject "HassFramework" */ = {
			isa = XCConfigurationList;
			buildConfigurations = (
				D00BF6182AC9F85C00B7C307 /* Debug */,
				D00BF6192AC9F85C00B7C307 /* Release */,
			);
			defaultConfigurationIsVisible = 0;
			defaultConfigurationName = Release;
		};
		D00BF61A2AC9F85C00B7C307 /* Build configuration list for PBXNativeTarget "HassFramework" */ = {
			isa = XCConfigurationList;
			buildConfigurations = (
				D00BF61B2AC9F85C00B7C307 /* Debug */,
				D00BF61C2AC9F85C00B7C307 /* Release */,
			);
			defaultConfigurationIsVisible = 0;
			defaultConfigurationName = Release;
		};
/* End XCConfigurationList section */

/* Begin XCRemoteSwiftPackageReference section */
		D00BF6212ACA020E00B7C307 /* XCRemoteSwiftPackageReference "Starscream" */ = {
			isa = XCRemoteSwiftPackageReference;
			repositoryURL = "https://github.com/daltoniam/Starscream.git";
			requirement = {
				kind = upToNextMajorVersion;
				minimumVersion = 4.0.6;
			};
		};
/* End XCRemoteSwiftPackageReference section */

/* Begin XCSwiftPackageProductDependency section */
		D0640BEB2AEF29F300809829 /* Starscream */ = {
			isa = XCSwiftPackageProductDependency;
			package = D00BF6212ACA020E00B7C307 /* XCRemoteSwiftPackageReference "Starscream" */;
			productName = Starscream;
		};
/* End XCSwiftPackageProductDependency section */
	};
	rootObject = D00BF6082AC9F85C00B7C307 /* Project object */;
}
